
Microsoft Visual Studio Solution File, Format Version 12.00
# Visual Studio 15
VisualStudioVersion = 15.0.28307.572
MinimumVisualStudioVersion = 10.0.40219.1
Project("{FAE04EC0-301F-11D3-BF4B-00C04F79EFBC}") = "GarageManager", "GarageManager\GarageManager.csproj", "{7AA7E621-F4A2-4A64-B423-F4CA60EC185B}"
EndProject
Global
	GlobalSection(SolutionConfigurationPlatforms) = preSolution
		Debug|Any CPU = Debug|Any CPU
		Release|Any CPU = Release|Any CPU
	EndGlobalSection
	GlobalSection(ProjectConfigurationPlatforms) = postSolution
		{7AA7E621-F4A2-4A64-B423-F4CA60EC185B}.Debug|Any CPU.ActiveCfg = Debug|Any CPU
		{7AA7E621-F4A2-4A64-B423-F4CA60EC185B}.Debug|Any CPU.Build.0 = Debug|Any CPU
		{7AA7E621-F4A2-4A64-B423-F4CA60EC185B}.Release|Any CPU.ActiveCfg = Release|Any CPU
		{7AA7E621-F4A2-4A64-B423-F4CA60EC185B}.Release|Any CPU.Build.0 = Release|Any CPU
	EndGlobalSection
	GlobalSection(SolutionProperties) = preSolution
		HideSolutionNode = FALSE
	EndGlobalSection
	GlobalSection(ExtensibilityGlobals) = postSolution
		SolutionGuid = {A30E090A-5F7A-4E88-A2DA-2B6486788594}
	EndGlobalSection
EndGlobal
